
Microsoft Visual Studio Solution File, Format Version 12.00
# Visual Studio Version 17
VisualStudioVersion = 17.5.002.0
MinimumVisualStudioVersion = 10.0.40219.1
Project("{9A19103F-16F7-4668-BE54-9A1E7A4F7556}") = "DataTransparency", "DataTransparency.csproj", "{E3EBFCED-F1F9-4A3A-BE4B-1E33854AA44F}"
EndProject
Global
	GlobalSection(SolutionConfigurationPlatforms) = preSolution
		Debug|Any CPU = Debug|Any CPU
		Release|Any CPU = Release|Any CPU
	EndGlobalSection
	GlobalSection(ProjectConfigurationPlatforms) = postSolution
		{E3EBFCED-F1F9-4A3A-BE4B-1E33854AA44F}.Debug|Any CPU.ActiveCfg = Debug|Any CPU
		{E3EBFCED-F1F9-4A3A-BE4B-1E33854AA44F}.Debug|Any CPU.Build.0 = Debug|Any CPU
		{E3EBFCED-F1F9-4A3A-BE4B-1E33854AA44F}.Release|Any CPU.ActiveCfg = Release|Any CPU
		{E3EBFCED-F1F9-4A3A-BE4B-1E33854AA44F}.Release|Any CPU.Build.0 = Release|Any CPU
	EndGlobalSection
	GlobalSection(SolutionProperties) = preSolution
		HideSolutionNode = FALSE
	EndGlobalSection
	GlobalSection(ExtensibilityGlobals) = postSolution
		SolutionGuid = {19470EF3-9260-4B4D-B216-11C8F8867920}
	EndGlobalSection
EndGlobal
